// !$*UTF8*$!
{
	archiveVersion = 1;
	classes = {
	};
	objectVersion = 55;
	objects = {

/* Begin PBXBuildFile section */
		48CF9E7C7BC8FDF16683952B /* Pods_SnapsTestApp01Tests.framework in Frameworks */ = {isa = PBXBuildFile; fileRef = 5E0FE426EE5796B766473907 /* Pods_SnapsTestApp01Tests.framework */; };
		7D7F666552AB6386544575F1 /* Pods_SnapsTestApp01.framework in Frameworks */ = {isa = PBXBuildFile; fileRef = 6A337F68389CD0E4C9D23835 /* Pods_SnapsTestApp01.framework */; };
		929F877529BAEF14001B4818 /* AppDelegate.swift in Sources */ = {isa = PBXBuildFile; fileRef = 929F877429BAEF14001B4818 /* AppDelegate.swift */; };
		929F877729BAEF14001B4818 /* SceneDelegate.swift in Sources */ = {isa = PBXBuildFile; fileRef = 929F877629BAEF14001B4818 /* SceneDelegate.swift */; };
		929F877929BAEF14001B4818 /* ViewController.swift in Sources */ = {isa = PBXBuildFile; fileRef = 929F877829BAEF14001B4818 /* ViewController.swift */; };
		929F877C29BAEF14001B4818 /* Main.storyboard in Resources */ = {isa = PBXBuildFile; fileRef = 929F877A29BAEF14001B4818 /* Main.storyboard */; };
		929F877E29BAEF16001B4818 /* Assets.xcassets in Resources */ = {isa = PBXBuildFile; fileRef = 929F877D29BAEF16001B4818 /* Assets.xcassets */; };
		929F878129BAEF16001B4818 /* LaunchScreen.storyboard in Resources */ = {isa = PBXBuildFile; fileRef = 929F877F29BAEF16001B4818 /* LaunchScreen.storyboard */; };
		929F878C29BAEF16001B4818 /* SnapsTestApp01Tests.swift in Sources */ = {isa = PBXBuildFile; fileRef = 929F878B29BAEF16001B4818 /* SnapsTestApp01Tests.swift */; };
		929F879629BAEF17001B4818 /* SnapsTestApp01UITests.swift in Sources */ = {isa = PBXBuildFile; fileRef = 929F879529BAEF17001B4818 /* SnapsTestApp01UITests.swift */; };
		929F879829BAEF17001B4818 /* SnapsTestApp01UITestsLaunchTests.swift in Sources */ = {isa = PBXBuildFile; fileRef = 929F879729BAEF17001B4818 /* SnapsTestApp01UITestsLaunchTests.swift */; };
		A6CD67DBFBB940AE188D9315 /* Pods_SnapsTestApp01_SnapsTestApp01UITests.framework in Frameworks */ = {isa = PBXBuildFile; fileRef = 5F9FB0B5EF834DF930AE4A38 /* Pods_SnapsTestApp01_SnapsTestApp01UITests.framework */; };
/* End PBXBuildFile section */

/* Begin PBXContainerItemProxy section */
		929F878829BAEF16001B4818 /* PBXContainerItemProxy */ = {
			isa = PBXContainerItemProxy;
			containerPortal = 929F876929BAEF14001B4818 /* Project object */;
			proxyType = 1;
			remoteGlobalIDString = 929F877029BAEF14001B4818;
			remoteInfo = SnapsTestApp01;
		};
		929F879229BAEF17001B4818 /* PBXContainerItemProxy */ = {
			isa = PBXContainerItemProxy;
			containerPortal = 929F876929BAEF14001B4818 /* Project object */;
			proxyType = 1;
			remoteGlobalIDString = 929F877029BAEF14001B4818;
			remoteInfo = SnapsTestApp01;
		};
/* End PBXContainerItemProxy section */

/* Begin PBXFileReference section */
		409470FE9356D47A8366ED2E /* Pods-SnapsTestApp01-SnapsTestApp01UITests.release.xcconfig */ = {isa = PBXFileReference; includeInIndex = 1; lastKnownFileType = text.xcconfig; name = "Pods-SnapsTestApp01-SnapsTestApp01UITests.release.xcconfig"; path = "Target Support Files/Pods-SnapsTestApp01-SnapsTestApp01UITests/Pods-SnapsTestApp01-SnapsTestApp01UITests.release.xcconfig"; sourceTree = "<group>"; };
		5E0FE426EE5796B766473907 /* Pods_SnapsTestApp01Tests.framework */ = {isa = PBXFileReference; explicitFileType = wrapper.framework; includeInIndex = 0; path = Pods_SnapsTestApp01Tests.framework; sourceTree = BUILT_PRODUCTS_DIR; };
		5F9FB0B5EF834DF930AE4A38 /* Pods_SnapsTestApp01_SnapsTestApp01UITests.framework */ = {isa = PBXFileReference; explicitFileType = wrapper.framework; includeInIndex = 0; path = Pods_SnapsTestApp01_SnapsTestApp01UITests.framework; sourceTree = BUILT_PRODUCTS_DIR; };
		6A337F68389CD0E4C9D23835 /* Pods_SnapsTestApp01.framework */ = {isa = PBXFileReference; explicitFileType = wrapper.framework; includeInIndex = 0; path = Pods_SnapsTestApp01.framework; sourceTree = BUILT_PRODUCTS_DIR; };
		724C8CC574C2880AC8CBDDAC /* Pods-SnapsTestApp01-SnapsTestApp01UITests.debug.xcconfig */ = {isa = PBXFileReference; includeInIndex = 1; lastKnownFileType = text.xcconfig; name = "Pods-SnapsTestApp01-SnapsTestApp01UITests.debug.xcconfig"; path = "Target Support Files/Pods-SnapsTestApp01-SnapsTestApp01UITests/Pods-SnapsTestApp01-SnapsTestApp01UITests.debug.xcconfig"; sourceTree = "<group>"; };
		80F93EDE4B30FCCACC5651F1 /* Pods-SnapsTestApp01Tests.debug.xcconfig */ = {isa = PBXFileReference; includeInIndex = 1; lastKnownFileType = text.xcconfig; name = "Pods-SnapsTestApp01Tests.debug.xcconfig"; path = "Target Support Files/Pods-SnapsTestApp01Tests/Pods-SnapsTestApp01Tests.debug.xcconfig"; sourceTree = "<group>"; };
		885A87FEBB30D0D7B846F061 /* Pods-SnapsTestApp01Tests.release.xcconfig */ = {isa = PBXFileReference; includeInIndex = 1; lastKnownFileType = text.xcconfig; name = "Pods-SnapsTestApp01Tests.release.xcconfig"; path = "Target Support Files/Pods-SnapsTestApp01Tests/Pods-SnapsTestApp01Tests.release.xcconfig"; sourceTree = "<group>"; };
		929F877129BAEF14001B4818 /* SnapsTestApp01.app */ = {isa = PBXFileReference; explicitFileType = wrapper.application; includeInIndex = 0; path = SnapsTestApp01.app; sourceTree = BUILT_PRODUCTS_DIR; };
		929F877429BAEF14001B4818 /* AppDelegate.swift */ = {isa = PBXFileReference; lastKnownFileType = sourcecode.swift; path = AppDelegate.swift; sourceTree = "<group>"; };
		929F877629BAEF14001B4818 /* SceneDelegate.swift */ = {isa = PBXFileReference; lastKnownFileType = sourcecode.swift; path = SceneDelegate.swift; sourceTree = "<group>"; };
		929F877829BAEF14001B4818 /* ViewController.swift */ = {isa = PBXFileReference; lastKnownFileType = sourcecode.swift; path = ViewController.swift; sourceTree = "<group>"; };
		929F877B29BAEF14001B4818 /* Base */ = {isa = PBXFileReference; lastKnownFileType = file.storyboard; name = Base; path = Base.lproj/Main.storyboard; sourceTree = "<group>"; };
		929F877D29BAEF16001B4818 /* Assets.xcassets */ = {isa = PBXFileReference; lastKnownFileType = folder.assetcatalog; path = Assets.xcassets; sourceTree = "<group>"; };
		929F878029BAEF16001B4818 /* Base */ = {isa = PBXFileReference; lastKnownFileType = file.storyboard; name = Base; path = Base.lproj/LaunchScreen.storyboard; sourceTree = "<group>"; };
		929F878229BAEF16001B4818 /* Info.plist */ = {isa = PBXFileReference; lastKnownFileType = text.plist.xml; path = Info.plist; sourceTree = "<group>"; };
		929F878729BAEF16001B4818 /* SnapsTestApp01Tests.xctest */ = {isa = PBXFileReference; explicitFileType = wrapper.cfbundle; includeInIndex = 0; path = SnapsTestApp01Tests.xctest; sourceTree = BUILT_PRODUCTS_DIR; };
		929F878B29BAEF16001B4818 /* SnapsTestApp01Tests.swift */ = {isa = PBXFileReference; lastKnownFileType = sourcecode.swift; path = SnapsTestApp01Tests.swift; sourceTree = "<group>"; };
		929F879129BAEF17001B4818 /* SnapsTestApp01UITests.xctest */ = {isa = PBXFileReference; explicitFileType = wrapper.cfbundle; includeInIndex = 0; path = SnapsTestApp01UITests.xctest; sourceTree = BUILT_PRODUCTS_DIR; };
		929F879529BAEF17001B4818 /* SnapsTestApp01UITests.swift */ = {isa = PBXFileReference; lastKnownFileType = sourcecode.swift; path = SnapsTestApp01UITests.swift; sourceTree = "<group>"; };
		929F879729BAEF17001B4818 /* SnapsTestApp01UITestsLaunchTests.swift */ = {isa = PBXFileReference; lastKnownFileType = sourcecode.swift; path = SnapsTestApp01UITestsLaunchTests.swift; sourceTree = "<group>"; };
		B4049AB92B7E6DDB0C949216 /* Pods-SnapsTestApp01.debug.xcconfig */ = {isa = PBXFileReference; includeInIndex = 1; lastKnownFileType = text.xcconfig; name = "Pods-SnapsTestApp01.debug.xcconfig"; path = "Target Support Files/Pods-SnapsTestApp01/Pods-SnapsTestApp01.debug.xcconfig"; sourceTree = "<group>"; };
		CA3406CB89D47A61FA6870CB /* Pods-SnapsTestApp01.release.xcconfig */ = {isa = PBXFileReference; includeInIndex = 1; lastKnownFileType = text.xcconfig; name = "Pods-SnapsTestApp01.release.xcconfig"; path = "Target Support Files/Pods-SnapsTestApp01/Pods-SnapsTestApp01.release.xcconfig"; sourceTree = "<group>"; };
/* End PBXFileReference section */

/* Begin PBXFrameworksBuildPhase section */
		929F876E29BAEF14001B4818 /* Frameworks */ = {
			isa = PBXFrameworksBuildPhase;
			buildActionMask = 2147483647;
			files = (
				7D7F666552AB6386544575F1 /* Pods_SnapsTestApp01.framework in Frameworks */,
			);
			runOnlyForDeploymentPostprocessing = 0;
		};
		929F878429BAEF16001B4818 /* Frameworks */ = {
			isa = PBXFrameworksBuildPhase;
			buildActionMask = 2147483647;
			files = (
				48CF9E7C7BC8FDF16683952B /* Pods_SnapsTestApp01Tests.framework in Frameworks */,
			);
			runOnlyForDeploymentPostprocessing = 0;
		};
		929F878E29BAEF17001B4818 /* Frameworks */ = {
			isa = PBXFrameworksBuildPhase;
			buildActionMask = 2147483647;
			files = (
				A6CD67DBFBB940AE188D9315 /* Pods_SnapsTestApp01_SnapsTestApp01UITests.framework in Frameworks */,
			);
			runOnlyForDeploymentPostprocessing = 0;
		};
/* End PBXFrameworksBuildPhase section */

/* Begin PBXGroup section */
		55A98030975EC3F48299B983 /* Frameworks */ = {
			isa = PBXGroup;
			children = (
				6A337F68389CD0E4C9D23835 /* Pods_SnapsTestApp01.framework */,
				5F9FB0B5EF834DF930AE4A38 /* Pods_SnapsTestApp01_SnapsTestApp01UITests.framework */,
				5E0FE426EE5796B766473907 /* Pods_SnapsTestApp01Tests.framework */,
			);
			name = Frameworks;
			sourceTree = "<group>";
		};
		66EDEB46FB28C224A1FBCED0 /* Pods */ = {
			isa = PBXGroup;
			children = (
				B4049AB92B7E6DDB0C949216 /* Pods-SnapsTestApp01.debug.xcconfig */,
				CA3406CB89D47A61FA6870CB /* Pods-SnapsTestApp01.release.xcconfig */,
				724C8CC574C2880AC8CBDDAC /* Pods-SnapsTestApp01-SnapsTestApp01UITests.debug.xcconfig */,
				409470FE9356D47A8366ED2E /* Pods-SnapsTestApp01-SnapsTestApp01UITests.release.xcconfig */,
				80F93EDE4B30FCCACC5651F1 /* Pods-SnapsTestApp01Tests.debug.xcconfig */,
				885A87FEBB30D0D7B846F061 /* Pods-SnapsTestApp01Tests.release.xcconfig */,
			);
			name = Pods;
			path = Pods;
			sourceTree = "<group>";
		};
		929F876829BAEF14001B4818 = {
			isa = PBXGroup;
			children = (
				929F877329BAEF14001B4818 /* SnapsTestApp01 */,
				929F878A29BAEF16001B4818 /* SnapsTestApp01Tests */,
				929F879429BAEF17001B4818 /* SnapsTestApp01UITests */,
				929F877229BAEF14001B4818 /* Products */,
				66EDEB46FB28C224A1FBCED0 /* Pods */,
				55A98030975EC3F48299B983 /* Frameworks */,
			);
			sourceTree = "<group>";
		};
		929F877229BAEF14001B4818 /* Products */ = {
			isa = PBXGroup;
			children = (
				929F877129BAEF14001B4818 /* SnapsTestApp01.app */,
				929F878729BAEF16001B4818 /* SnapsTestApp01Tests.xctest */,
				929F879129BAEF17001B4818 /* SnapsTestApp01UITests.xctest */,
			);
			name = Products;
			sourceTree = "<group>";
		};
		929F877329BAEF14001B4818 /* SnapsTestApp01 */ = {
			isa = PBXGroup;
			children = (
				929F877429BAEF14001B4818 /* AppDelegate.swift */,
				929F877629BAEF14001B4818 /* SceneDelegate.swift */,
				929F877829BAEF14001B4818 /* ViewController.swift */,
				929F877A29BAEF14001B4818 /* Main.storyboard */,
				929F877D29BAEF16001B4818 /* Assets.xcassets */,
				929F877F29BAEF16001B4818 /* LaunchScreen.storyboard */,
				929F878229BAEF16001B4818 /* Info.plist */,
			);
			path = SnapsTestApp01;
			sourceTree = "<group>";
		};
		929F878A29BAEF16001B4818 /* SnapsTestApp01Tests */ = {
			isa = PBXGroup;
			children = (
				929F878B29BAEF16001B4818 /* SnapsTestApp01Tests.swift */,
			);
			path = SnapsTestApp01Tests;
			sourceTree = "<group>";
		};
		929F879429BAEF17001B4818 /* SnapsTestApp01UITests */ = {
			isa = PBXGroup;
			children = (
				929F879529BAEF17001B4818 /* SnapsTestApp01UITests.swift */,
				929F879729BAEF17001B4818 /* SnapsTestApp01UITestsLaunchTests.swift */,
			);
			path = SnapsTestApp01UITests;
			sourceTree = "<group>";
		};
/* End PBXGroup section */

/* Begin PBXNativeTarget section */
		929F877029BAEF14001B4818 /* SnapsTestApp01 */ = {
			isa = PBXNativeTarget;
			buildConfigurationList = 929F879B29BAEF17001B4818 /* Build configuration list for PBXNativeTarget "SnapsTestApp01" */;
			buildPhases = (
				BBB67F282C1B4C97E5A53D0C /* [CP] Check Pods Manifest.lock */,
				929F876D29BAEF14001B4818 /* Sources */,
				929F876E29BAEF14001B4818 /* Frameworks */,
				929F876F29BAEF14001B4818 /* Resources */,
				978B2B5E7543B125EEA1E3B5 /* [CP] Embed Pods Frameworks */,
			);
			buildRules = (
			);
			dependencies = (
			);
			name = SnapsTestApp01;
			productName = SnapsTestApp01;
			productReference = 929F877129BAEF14001B4818 /* SnapsTestApp01.app */;
			productType = "com.apple.product-type.application";
		};
		929F878629BAEF16001B4818 /* SnapsTestApp01Tests */ = {
			isa = PBXNativeTarget;
			buildConfigurationList = 929F879E29BAEF17001B4818 /* Build configuration list for PBXNativeTarget "SnapsTestApp01Tests" */;
			buildPhases = (
				EE9259DCDF8C4A7E7D62BF49 /* [CP] Check Pods Manifest.lock */,
				929F878329BAEF16001B4818 /* Sources */,
				929F878429BAEF16001B4818 /* Frameworks */,
				929F878529BAEF16001B4818 /* Resources */,
			);
			buildRules = (
			);
			dependencies = (
				929F878929BAEF16001B4818 /* PBXTargetDependency */,
			);
			name = SnapsTestApp01Tests;
			productName = SnapsTestApp01Tests;
			productReference = 929F878729BAEF16001B4818 /* SnapsTestApp01Tests.xctest */;
			productType = "com.apple.product-type.bundle.unit-test";
		};
		929F879029BAEF17001B4818 /* SnapsTestApp01UITests */ = {
			isa = PBXNativeTarget;
			buildConfigurationList = 929F87A129BAEF17001B4818 /* Build configuration list for PBXNativeTarget "SnapsTestApp01UITests" */;
			buildPhases = (
				0AA8F390451836CA1EE7EF1C /* [CP] Check Pods Manifest.lock */,
				929F878D29BAEF17001B4818 /* Sources */,
				929F878E29BAEF17001B4818 /* Frameworks */,
				929F878F29BAEF17001B4818 /* Resources */,
				48C59345552E102D864BB2B7 /* [CP] Embed Pods Frameworks */,
			);
			buildRules = (
			);
			dependencies = (
				929F879329BAEF17001B4818 /* PBXTargetDependency */,
			);
			name = SnapsTestApp01UITests;
			productName = SnapsTestApp01UITests;
			productReference = 929F879129BAEF17001B4818 /* SnapsTestApp01UITests.xctest */;
			productType = "com.apple.product-type.bundle.ui-testing";
		};
/* End PBXNativeTarget section */

/* Begin PBXProject section */
		929F876929BAEF14001B4818 /* Project object */ = {
			isa = PBXProject;
			attributes = {
				BuildIndependentTargetsInParallel = 1;
				LastSwiftUpdateCheck = 1420;
				LastUpgradeCheck = 1420;
				TargetAttributes = {
					929F877029BAEF14001B4818 = {
						CreatedOnToolsVersion = 14.2;
					};
					929F878629BAEF16001B4818 = {
						CreatedOnToolsVersion = 14.2;
						TestTargetID = 929F877029BAEF14001B4818;
					};
					929F879029BAEF17001B4818 = {
						CreatedOnToolsVersion = 14.2;
						TestTargetID = 929F877029BAEF14001B4818;
					};
				};
			};
			buildConfigurationList = 929F876C29BAEF14001B4818 /* Build configuration list for PBXProject "SnapsTestApp01" */;
			compatibilityVersion = "Xcode 13.0";
			developmentRegion = en;
			hasScannedForEncodings = 0;
			knownRegions = (
				en,
				Base,
			);
			mainGroup = 929F876829BAEF14001B4818;
			productRefGroup = 929F877229BAEF14001B4818 /* Products */;
			projectDirPath = "";
			projectRoot = "";
			targets = (
				929F877029BAEF14001B4818 /* SnapsTestApp01 */,
				929F878629BAEF16001B4818 /* SnapsTestApp01Tests */,
				929F879029BAEF17001B4818 /* SnapsTestApp01UITests */,
			);
		};
/* End PBXProject section */

/* Begin PBXResourcesBuildPhase section */
		929F876F29BAEF14001B4818 /* Resources */ = {
			isa = PBXResourcesBuildPhase;
			buildActionMask = 2147483647;
			files = (
				929F878129BAEF16001B4818 /* LaunchScreen.storyboard in Resources */,
				929F877E29BAEF16001B4818 /* Assets.xcassets in Resources */,
				929F877C29BAEF14001B4818 /* Main.storyboard in Resources */,
			);
			runOnlyForDeploymentPostprocessing = 0;
		};
		929F878529BAEF16001B4818 /* Resources */ = {
			isa = PBXResourcesBuildPhase;
			buildActionMask = 2147483647;
			files = (
			);
			runOnlyForDeploymentPostprocessing = 0;
		};
		929F878F29BAEF17001B4818 /* Resources */ = {
			isa = PBXResourcesBuildPhase;
			buildActionMask = 2147483647;
			files = (
			);
			runOnlyForDeploymentPostprocessing = 0;
		};
/* End PBXResourcesBuildPhase section */

/* Begin PBXShellScriptBuildPhase section */
		0AA8F390451836CA1EE7EF1C /* [CP] Check Pods Manifest.lock */ = {
			isa = PBXShellScriptBuildPhase;
			buildActionMask = 2147483647;
			files = (
			);
			inputFileListPaths = (
			);
			inputPaths = (
				"${PODS_PODFILE_DIR_PATH}/Podfile.lock",
				"${PODS_ROOT}/Manifest.lock",
			);
			name = "[CP] Check Pods Manifest.lock";
			outputFileListPaths = (
			);
			outputPaths = (
				"$(DERIVED_FILE_DIR)/Pods-SnapsTestApp01-SnapsTestApp01UITests-checkManifestLockResult.txt",
			);
			runOnlyForDeploymentPostprocessing = 0;
			shellPath = /bin/sh;
			shellScript = "diff \"${PODS_PODFILE_DIR_PATH}/Podfile.lock\" \"${PODS_ROOT}/Manifest.lock\" > /dev/null\nif [ $? != 0 ] ; then\n    # print error to STDERR\n    echo \"error: The sandbox is not in sync with the Podfile.lock. Run 'pod install' or update your CocoaPods installation.\" >&2\n    exit 1\nfi\n# This output is used by Xcode 'outputs' to avoid re-running this script phase.\necho \"SUCCESS\" > \"${SCRIPT_OUTPUT_FILE_0}\"\n";
			showEnvVarsInLog = 0;
		};
		48C59345552E102D864BB2B7 /* [CP] Embed Pods Frameworks */ = {
			isa = PBXShellScriptBuildPhase;
			buildActionMask = 2147483647;
			files = (
			);
			inputFileListPaths = (
				"${PODS_ROOT}/Target Support Files/Pods-SnapsTestApp01-SnapsTestApp01UITests/Pods-SnapsTestApp01-SnapsTestApp01UITests-frameworks-${CONFIGURATION}-input-files.xcfilelist",
			);
			name = "[CP] Embed Pods Frameworks";
			outputFileListPaths = (
				"${PODS_ROOT}/Target Support Files/Pods-SnapsTestApp01-SnapsTestApp01UITests/Pods-SnapsTestApp01-SnapsTestApp01UITests-frameworks-${CONFIGURATION}-output-files.xcfilelist",
			);
			runOnlyForDeploymentPostprocessing = 0;
			shellPath = /bin/sh;
			shellScript = "\"${PODS_ROOT}/Target Support Files/Pods-SnapsTestApp01-SnapsTestApp01UITests/Pods-SnapsTestApp01-SnapsTestApp01UITests-frameworks.sh\"\n";
			showEnvVarsInLog = 0;
		};
		978B2B5E7543B125EEA1E3B5 /* [CP] Embed Pods Frameworks */ = {
			isa = PBXShellScriptBuildPhase;
			buildActionMask = 2147483647;
			files = (
			);
			inputFileListPaths = (
				"${PODS_ROOT}/Target Support Files/Pods-SnapsTestApp01/Pods-SnapsTestApp01-frameworks-${CONFIGURATION}-input-files.xcfilelist",
			);
			name = "[CP] Embed Pods Frameworks";
			outputFileListPaths = (
				"${PODS_ROOT}/Target Support Files/Pods-SnapsTestApp01/Pods-SnapsTestApp01-frameworks-${CONFIGURATION}-output-files.xcfilelist",
			);
			runOnlyForDeploymentPostprocessing = 0;
			shellPath = /bin/sh;
			shellScript = "\"${PODS_ROOT}/Target Support Files/Pods-SnapsTestApp01/Pods-SnapsTestApp01-frameworks.sh\"\n";
			showEnvVarsInLog = 0;
		};
		BBB67F282C1B4C97E5A53D0C /* [CP] Check Pods Manifest.lock */ = {
			isa = PBXShellScriptBuildPhase;
			buildActionMask = 2147483647;
			files = (
			);
			inputFileListPaths = (
			);
			inputPaths = (
				"${PODS_PODFILE_DIR_PATH}/Podfile.lock",
				"${PODS_ROOT}/Manifest.lock",
			);
			name = "[CP] Check Pods Manifest.lock";
			outputFileListPaths = (
			);
			outputPaths = (
				"$(DERIVED_FILE_DIR)/Pods-SnapsTestApp01-checkManifestLockResult.txt",
			);
			runOnlyForDeploymentPostprocessing = 0;
			shellPath = /bin/sh;
			shellScript = "diff \"${PODS_PODFILE_DIR_PATH}/Podfile.lock\" \"${PODS_ROOT}/Manifest.lock\" > /dev/null\nif [ $? != 0 ] ; then\n    # print error to STDERR\n    echo \"error: The sandbox is not in sync with the Podfile.lock. Run 'pod install' or update your CocoaPods installation.\" >&2\n    exit 1\nfi\n# This output is used by Xcode 'outputs' to avoid re-running this script phase.\necho \"SUCCESS\" > \"${SCRIPT_OUTPUT_FILE_0}\"\n";
			showEnvVarsInLog = 0;
		};
		EE9259DCDF8C4A7E7D62BF49 /* [CP] Check Pods Manifest.lock */ = {
			isa = PBXShellScriptBuildPhase;
			buildActionMask = 2147483647;
			files = (
			);
			inputFileListPaths = (
			);
			inputPaths = (
				"${PODS_PODFILE_DIR_PATH}/Podfile.lock",
				"${PODS_ROOT}/Manifest.lock",
			);
			name = "[CP] Check Pods Manifest.lock";
			outputFileListPaths = (
			);
			outputPaths = (
				"$(DERIVED_FILE_DIR)/Pods-SnapsTestApp01Tests-checkManifestLockResult.txt",
			);
			runOnlyForDeploymentPostprocessing = 0;
			shellPath = /bin/sh;
			shellScript = "diff \"${PODS_PODFILE_DIR_PATH}/Podfile.lock\" \"${PODS_ROOT}/Manifest.lock\" > /dev/null\nif [ $? != 0 ] ; then\n    # print error to STDERR\n    echo \"error: The sandbox is not in sync with the Podfile.lock. Run 'pod install' or update your CocoaPods installation.\" >&2\n    exit 1\nfi\n# This output is used by Xcode 'outputs' to avoid re-running this script phase.\necho \"SUCCESS\" > \"${SCRIPT_OUTPUT_FILE_0}\"\n";
			showEnvVarsInLog = 0;
		};
/* End PBXShellScriptBuildPhase section */

/* Begin PBXSourcesBuildPhase section */
		929F876D29BAEF14001B4818 /* Sources */ = {
			isa = PBXSourcesBuildPhase;
			buildActionMask = 2147483647;
			files = (
				929F877929BAEF14001B4818 /* ViewController.swift in Sources */,
				929F877529BAEF14001B4818 /* AppDelegate.swift in Sources */,
				929F877729BAEF14001B4818 /* SceneDelegate.swift in Sources */,
			);
			runOnlyForDeploymentPostprocessing = 0;
		};
		929F878329BAEF16001B4818 /* Sources */ = {
			isa = PBXSourcesBuildPhase;
			buildActionMask = 2147483647;
			files = (
				929F878C29BAEF16001B4818 /* SnapsTestApp01Tests.swift in Sources */,
			);
			runOnlyForDeploymentPostprocessing = 0;
		};
		929F878D29BAEF17001B4818 /* Sources */ = {
			isa = PBXSourcesBuildPhase;
			buildActionMask = 2147483647;
			files = (
				929F879629BAEF17001B4818 /* SnapsTestApp01UITests.swift in Sources */,
				929F879829BAEF17001B4818 /* SnapsTestApp01UITestsLaunchTests.swift in Sources */,
			);
			runOnlyForDeploymentPostprocessing = 0;
		};
/* End PBXSourcesBuildPhase section */

/* Begin PBXTargetDependency section */
		929F878929BAEF16001B4818 /* PBXTargetDependency */ = {
			isa = PBXTargetDependency;
			target = 929F877029BAEF14001B4818 /* SnapsTestApp01 */;
			targetProxy = 929F878829BAEF16001B4818 /* PBXContainerItemProxy */;
		};
		929F879329BAEF17001B4818 /* PBXTargetDependency */ = {
			isa = PBXTargetDependency;
			target = 929F877029BAEF14001B4818 /* SnapsTestApp01 */;
			targetProxy = 929F879229BAEF17001B4818 /* PBXContainerItemProxy */;
		};
/* End PBXTargetDependency section */

/* Begin PBXVariantGroup section */
		929F877A29BAEF14001B4818 /* Main.storyboard */ = {
			isa = PBXVariantGroup;
			children = (
				929F877B29BAEF14001B4818 /* Base */,
			);
			name = Main.storyboard;
			sourceTree = "<group>";
		};
		929F877F29BAEF16001B4818 /* LaunchScreen.storyboard */ = {
			isa = PBXVariantGroup;
			children = (
				929F878029BAEF16001B4818 /* Base */,
			);
			name = LaunchScreen.storyboard;
			sourceTree = "<group>";
		};
/* End PBXVariantGroup section */

/* Begin XCBuildConfiguration section */
		929F879929BAEF17001B4818 /* Debug */ = {
			isa = XCBuildConfiguration;
			buildSettings = {
				ALWAYS_SEARCH_USER_PATHS = NO;
				CLANG_ANALYZER_NONNULL = YES;
				CLANG_ANALYZER_NUMBER_OBJECT_CONVERSION = YES_AGGRESSIVE;
				CLANG_CXX_LANGUAGE_STANDARD = "gnu++20";
				CLANG_ENABLE_MODULES = YES;
				CLANG_ENABLE_OBJC_ARC = YES;
				CLANG_ENABLE_OBJC_WEAK = YES;
				CLANG_WARN_BLOCK_CAPTURE_AUTORELEASING = YES;
				CLANG_WARN_BOOL_CONVERSION = YES;
				CLANG_WARN_COMMA = YES;
				CLANG_WARN_CONSTANT_CONVERSION = YES;
				CLANG_WARN_DEPRECATED_OBJC_IMPLEMENTATIONS = YES;
				CLANG_WARN_DIRECT_OBJC_ISA_USAGE = YES_ERROR;
				CLANG_WARN_DOCUMENTATION_COMMENTS = YES;
				CLANG_WARN_EMPTY_BODY = YES;
				CLANG_WARN_ENUM_CONVERSION = YES;
				CLANG_WARN_INFINITE_RECURSION = YES;
				CLANG_WARN_INT_CONVERSION = YES;
				CLANG_WARN_NON_LITERAL_NULL_CONVERSION = YES;
				CLANG_WARN_OBJC_IMPLICIT_RETAIN_SELF = YES;
				CLANG_WARN_OBJC_LITERAL_CONVERSION = YES;
				CLANG_WARN_OBJC_ROOT_CLASS = YES_ERROR;
				CLANG_WARN_QUOTED_INCLUDE_IN_FRAMEWORK_HEADER = YES;
				CLANG_WARN_RANGE_LOOP_ANALYSIS = YES;
				CLANG_WARN_STRICT_PROTOTYPES = YES;
				CLANG_WARN_SUSPICIOUS_MOVE = YES;
				CLANG_WARN_UNGUARDED_AVAILABILITY = YES_AGGRESSIVE;
				CLANG_WARN_UNREACHABLE_CODE = YES;
				CLANG_WARN__DUPLICATE_METHOD_MATCH = YES;
				COPY_PHASE_STRIP = NO;
				DEBUG_INFORMATION_FORMAT = dwarf;
				ENABLE_STRICT_OBJC_MSGSEND = YES;
				ENABLE_TESTABILITY = YES;
				GCC_C_LANGUAGE_STANDARD = gnu11;
				GCC_DYNAMIC_NO_PIC = NO;
				GCC_NO_COMMON_BLOCKS = YES;
				GCC_OPTIMIZATION_LEVEL = 0;
				GCC_PREPROCESSOR_DEFINITIONS = (
					"DEBUG=1",
					"$(inherited)",
				);
				GCC_WARN_64_TO_32_BIT_CONVERSION = YES;
				GCC_WARN_ABOUT_RETURN_TYPE = YES_ERROR;
				GCC_WARN_UNDECLARED_SELECTOR = YES;
				GCC_WARN_UNINITIALIZED_AUTOS = YES_AGGRESSIVE;
				GCC_WARN_UNUSED_FUNCTION = YES;
				GCC_WARN_UNUSED_VARIABLE = YES;
				IPHONEOS_DEPLOYMENT_TARGET = 16.2;
				MTL_ENABLE_DEBUG_INFO = INCLUDE_SOURCE;
				MTL_FAST_MATH = YES;
				ONLY_ACTIVE_ARCH = YES;
				SDKROOT = iphoneos;
				SWIFT_ACTIVE_COMPILATION_CONDITIONS = DEBUG;
				SWIFT_OPTIMIZATION_LEVEL = "-Onone";
			};
			name = Debug;
		};
		929F879A29BAEF17001B4818 /* Release */ = {
			isa = XCBuildConfiguration;
			buildSettings = {
				ALWAYS_SEARCH_USER_PATHS = NO;
				CLANG_ANALYZER_NONNULL = YES;
				CLANG_ANALYZER_NUMBER_OBJECT_CONVERSION = YES_AGGRESSIVE;
				CLANG_CXX_LANGUAGE_STANDARD = "gnu++20";
				CLANG_ENABLE_MODULES = YES;
				CLANG_ENABLE_OBJC_ARC = YES;
				CLANG_ENABLE_OBJC_WEAK = YES;
				CLANG_WARN_BLOCK_CAPTURE_AUTORELEASING = YES;
				CLANG_WARN_BOOL_CONVERSION = YES;
				CLANG_WARN_COMMA = YES;
				CLANG_WARN_CONSTANT_CONVERSION = YES;
				CLANG_WARN_DEPRECATED_OBJC_IMPLEMENTATIONS = YES;
				CLANG_WARN_DIRECT_OBJC_ISA_USAGE = YES_ERROR;
				CLANG_WARN_DOCUMENTATION_COMMENTS = YES;
				CLANG_WARN_EMPTY_BODY = YES;
				CLANG_WARN_ENUM_CONVERSION = YES;
				CLANG_WARN_INFINITE_RECURSION = YES;
				CLANG_WARN_INT_CONVERSION = YES;
				CLANG_WARN_NON_LITERAL_NULL_CONVERSION = YES;
				CLANG_WARN_OBJC_IMPLICIT_RETAIN_SELF = YES;
				CLANG_WARN_OBJC_LITERAL_CONVERSION = YES;
				CLANG_WARN_OBJC_ROOT_CLASS = YES_ERROR;
				CLANG_WARN_QUOTED_INCLUDE_IN_FRAMEWORK_HEADER = YES;
				CLANG_WARN_RANGE_LOOP_ANALYSIS = YES;
				CLANG_WARN_STRICT_PROTOTYPES = YES;
				CLANG_WARN_SUSPICIOUS_MOVE = YES;
				CLANG_WARN_UNGUARDED_AVAILABILITY = YES_AGGRESSIVE;
				CLANG_WARN_UNREACHABLE_CODE = YES;
				CLANG_WARN__DUPLICATE_METHOD_MATCH = YES;
				COPY_PHASE_STRIP = NO;
				DEBUG_INFORMATION_FORMAT = "dwarf-with-dsym";
				ENABLE_NS_ASSERTIONS = NO;
				ENABLE_STRICT_OBJC_MSGSEND = YES;
				GCC_C_LANGUAGE_STANDARD = gnu11;
				GCC_NO_COMMON_BLOCKS = YES;
				GCC_WARN_64_TO_32_BIT_CONVERSION = YES;
				GCC_WARN_ABOUT_RETURN_TYPE = YES_ERROR;
				GCC_WARN_UNDECLARED_SELECTOR = YES;
				GCC_WARN_UNINITIALIZED_AUTOS = YES_AGGRESSIVE;
				GCC_WARN_UNUSED_FUNCTION = YES;
				GCC_WARN_UNUSED_VARIABLE = YES;
				IPHONEOS_DEPLOYMENT_TARGET = 16.2;
				MTL_ENABLE_DEBUG_INFO = NO;
				MTL_FAST_MATH = YES;
				SDKROOT = iphoneos;
				SWIFT_COMPILATION_MODE = wholemodule;
				SWIFT_OPTIMIZATION_LEVEL = "-O";
				VALIDATE_PRODUCT = YES;
			};
			name = Release;
		};
		929F879C29BAEF17001B4818 /* Debug */ = {
			isa = XCBuildConfiguration;
			baseConfigurationReference = B4049AB92B7E6DDB0C949216 /* Pods-SnapsTestApp01.debug.xcconfig */;
			buildSettings = {
				ASSETCATALOG_COMPILER_APPICON_NAME = AppIcon;
				ASSETCATALOG_COMPILER_GLOBAL_ACCENT_COLOR_NAME = AccentColor;
				CODE_SIGN_STYLE = Automatic;
				CURRENT_PROJECT_VERSION = 1;
				DEVELOPMENT_TEAM = T8FVN98385;
				GENERATE_INFOPLIST_FILE = YES;
				INFOPLIST_FILE = SnapsTestApp01/Info.plist;
				INFOPLIST_KEY_UIApplicationSupportsIndirectInputEvents = YES;
				INFOPLIST_KEY_UILaunchStoryboardName = LaunchScreen;
				INFOPLIST_KEY_UIMainStoryboardFile = Main;
				INFOPLIST_KEY_UISupportedInterfaceOrientations_iPad = "UIInterfaceOrientationPortrait UIInterfaceOrientationPortraitUpsideDown UIInterfaceOrientationLandscapeLeft UIInterfaceOrientationLandscapeRight";
				INFOPLIST_KEY_UISupportedInterfaceOrientations_iPhone = "UIInterfaceOrientationPortrait UIInterfaceOrientationLandscapeLeft UIInterfaceOrientationLandscapeRight";
				LD_RUNPATH_SEARCH_PATHS = (
					"$(inherited)",
					"@executable_path/Frameworks",
				);
				MARKETING_VERSION = 1.0;
				PRODUCT_BUNDLE_IDENTIFIER = anthony.SnapsTestApp01;
				PRODUCT_NAME = "$(TARGET_NAME)";
				SWIFT_EMIT_LOC_STRINGS = YES;
				SWIFT_VERSION = 5.0;
				TARGETED_DEVICE_FAMILY = "1,2";
			};
			name = Debug;
		};
		929F879D29BAEF17001B4818 /* Release */ = {
			isa = XCBuildConfiguration;
			baseConfigurationReference = CA3406CB89D47A61FA6870CB /* Pods-SnapsTestApp01.release.xcconfig */;
			buildSettings = {
				ASSETCATALOG_COMPILER_APPICON_NAME = AppIcon;
				ASSETCATALOG_COMPILER_GLOBAL_ACCENT_COLOR_NAME = AccentColor;
				CODE_SIGN_STYLE = Automatic;
				CURRENT_PROJECT_VERSION = 1;
				DEVELOPMENT_TEAM = T8FVN98385;
				GENERATE_INFOPLIST_FILE = YES;
				INFOPLIST_FILE = SnapsTestApp01/Info.plist;
				INFOPLIST_KEY_UIApplicationSupportsIndirectInputEvents = YES;
				INFOPLIST_KEY_UILaunchStoryboardName = LaunchScreen;
				INFOPLIST_KEY_UIMainStoryboardFile = Main;
				INFOPLIST_KEY_UISupportedInterfaceOrientations_iPad = "UIInterfaceOrientationPortrait UIInterfaceOrientationPortraitUpsideDown UIInterfaceOrientationLandscapeLeft UIInterfaceOrientationLandscapeRight";
				INFOPLIST_KEY_UISupportedInterfaceOrientations_iPhone = "UIInterfaceOrientationPortrait UIInterfaceOrientationLandscapeLeft UIInterfaceOrientationLandscapeRight";
				LD_RUNPATH_SEARCH_PATHS = (
					"$(inherited)",
					"@executable_path/Frameworks",
				);
				MARKETING_VERSION = 1.0;
				PRODUCT_BUNDLE_IDENTIFIER = anthony.SnapsTestApp01;
				PRODUCT_NAME = "$(TARGET_NAME)";
				SWIFT_EMIT_LOC_STRINGS = YES;
				SWIFT_VERSION = 5.0;
				TARGETED_DEVICE_FAMILY = "1,2";
			};
			name = Release;
		};
		929F879F29BAEF17001B4818 /* Debug */ = {
			isa = XCBuildConfiguration;
			baseConfigurationReference = 80F93EDE4B30FCCACC5651F1 /* Pods-SnapsTestApp01Tests.debug.xcconfig */;
			buildSettings = {
				ALWAYS_EMBED_SWIFT_STANDARD_LIBRARIES = YES;
				BUNDLE_LOADER = "$(TEST_HOST)";
				CODE_SIGN_STYLE = Automatic;
				CURRENT_PROJECT_VERSION = 1;
				DEVELOPMENT_TEAM = T8FVN98385;
				GENERATE_INFOPLIST_FILE = YES;
				IPHONEOS_DEPLOYMENT_TARGET = 16.2;
				MARKETING_VERSION = 1.0;
				PRODUCT_BUNDLE_IDENTIFIER = anthony.SnapsTestApp01Tests;
				PRODUCT_NAME = "$(TARGET_NAME)";
				SWIFT_EMIT_LOC_STRINGS = NO;
				SWIFT_VERSION = 5.0;
				TARGETED_DEVICE_FAMILY = "1,2";
				TEST_HOST = "$(BUILT_PRODUCTS_DIR)/SnapsTestApp01.app/$(BUNDLE_EXECUTABLE_FOLDER_PATH)/SnapsTestApp01";
			};
			name = Debug;
		};
		929F87A029BAEF17001B4818 /* Release */ = {
			isa = XCBuildConfiguration;
			baseConfigurationReference = 885A87FEBB30D0D7B846F061 /* Pods-SnapsTestApp01Tests.release.xcconfig */;
			buildSettings = {
				ALWAYS_EMBED_SWIFT_STANDARD_LIBRARIES = YES;
				BUNDLE_LOADER = "$(TEST_HOST)";
				CODE_SIGN_STYLE = Automatic;
				CURRENT_PROJECT_VERSION = 1;
				DEVELOPMENT_TEAM = T8FVN98385;
				GENERATE_INFOPLIST_FILE = YES;
				IPHONEOS_DEPLOYMENT_TARGET = 16.2;
				MARKETING_VERSION = 1.0;
				PRODUCT_BUNDLE_IDENTIFIER = anthony.SnapsTestApp01Tests;
				PRODUCT_NAME = "$(TARGET_NAME)";
				SWIFT_EMIT_LOC_STRINGS = NO;
				SWIFT_VERSION = 5.0;
				TARGETED_DEVICE_FAMILY = "1,2";
				TEST_HOST = "$(BUILT_PRODUCTS_DIR)/SnapsTestApp01.app/$(BUNDLE_EXECUTABLE_FOLDER_PATH)/SnapsTestApp01";
			};
			name = Release;
		};
		929F87A229BAEF17001B4818 /* Debug */ = {
			isa = XCBuildConfiguration;
			baseConfigurationReference = 724C8CC574C2880AC8CBDDAC /* Pods-SnapsTestApp01-SnapsTestApp01UITests.debug.xcconfig */;
			buildSettings = {
				ALWAYS_EMBED_SWIFT_STANDARD_LIBRARIES = YES;
				CODE_SIGN_STYLE = Automatic;
				CURRENT_PROJECT_VERSION = 1;
				DEVELOPMENT_TEAM = T8FVN98385;
				GENERATE_INFOPLIST_FILE = YES;
				MARKETING_VERSION = 1.0;
				PRODUCT_BUNDLE_IDENTIFIER = anthony.SnapsTestApp01UITests;
				PRODUCT_NAME = "$(TARGET_NAME)";
				SWIFT_EMIT_LOC_STRINGS = NO;
				SWIFT_VERSION = 5.0;
				TARGETED_DEVICE_FAMILY = "1,2";
				TEST_TARGET_NAME = SnapsTestApp01;
			};
			name = Debug;
		};
		929F87A329BAEF17001B4818 /* Release */ = {
			isa = XCBuildConfiguration;
			baseConfigurationReference = 409470FE9356D47A8366ED2E /* Pods-SnapsTestApp01-SnapsTestApp01UITests.release.xcconfig */;
			buildSettings = {
				ALWAYS_EMBED_SWIFT_STANDARD_LIBRARIES = YES;
				CODE_SIGN_STYLE = Automatic;
				CURRENT_PROJECT_VERSION = 1;
				DEVELOPMENT_TEAM = T8FVN98385;
				GENERATE_INFOPLIST_FILE = YES;
				MARKETING_VERSION = 1.0;
				PRODUCT_BUNDLE_IDENTIFIER = anthony.SnapsTestApp01UITests;
				PRODUCT_NAME = "$(TARGET_NAME)";
				SWIFT_EMIT_LOC_STRINGS = NO;
				SWIFT_VERSION = 5.0;
				TARGETED_DEVICE_FAMILY = "1,2";
				TEST_TARGET_NAME = SnapsTestApp01;
			};
			name = Release;
		};
/* End XCBuildConfiguration section */

/* Begin XCConfigurationList section */
		929F876C29BAEF14001B4818 /* Build configuration list for PBXProject "SnapsTestApp01" */ = {
			isa = XCConfigurationList;
			buildConfigurations = (
				929F879929BAEF17001B4818 /* Debug */,
				929F879A29BAEF17001B4818 /* Release */,
			);
			defaultConfigurationIsVisible = 0;
			defaultConfigurationName = Release;
		};
		929F879B29BAEF17001B4818 /* Build configuration list for PBXNativeTarget "SnapsTestApp01" */ = {
			isa = XCConfigurationList;
			buildConfigurations = (
				929F879C29BAEF17001B4818 /* Debug */,
				929F879D29BAEF17001B4818 /* Release */,
			);
			defaultConfigurationIsVisible = 0;
			defaultConfigurationName = Release;
		};
		929F879E29BAEF17001B4818 /* Build configuration list for PBXNativeTarget "SnapsTestApp01Tests" */ = {
			isa = XCConfigurationList;
			buildConfigurations = (
				929F879F29BAEF17001B4818 /* Debug */,
				929F87A029BAEF17001B4818 /* Release */,
			);
			defaultConfigurationIsVisible = 0;
			defaultConfigurationName = Release;
		};
		929F87A129BAEF17001B4818 /* Build configuration list for PBXNativeTarget "SnapsTestApp01UITests" */ = {
			isa = XCConfigurationList;
			buildConfigurations = (
				929F87A229BAEF17001B4818 /* Debug */,
				929F87A329BAEF17001B4818 /* Release */,
			);
			defaultConfigurationIsVisible = 0;
			defaultConfigurationName = Release;
		};
/* End XCConfigurationList section */
	};
	rootObject = 929F876929BAEF14001B4818 /* Project object */;
}
