// !$*UTF8*$!
{
	archiveVersion = 1;
	classes = {
	};
	objectVersion = 56;
	objects = {

/* Begin PBXBuildFile section */
		929F87B129BAF24F001B4818 /* AppDelegate.swift in Sources */ = {isa = PBXBuildFile; fileRef = 929F87B029BAF24F001B4818 /* AppDelegate.swift */; };
		929F87B329BAF24F001B4818 /* SceneDelegate.swift in Sources */ = {isa = PBXBuildFile; fileRef = 929F87B229BAF24F001B4818 /* SceneDelegate.swift */; };
		929F87B529BAF24F001B4818 /* ViewController.swift in Sources */ = {isa = PBXBuildFile; fileRef = 929F87B429BAF24F001B4818 /* ViewController.swift */; };
		929F87B829BAF24F001B4818 /* Main.storyboard in Resources */ = {isa = PBXBuildFile; fileRef = 929F87B629BAF24F001B4818 /* Main.storyboard */; };
		929F87BA29BAF252001B4818 /* Assets.xcassets in Resources */ = {isa = PBXBuildFile; fileRef = 929F87B929BAF252001B4818 /* Assets.xcassets */; };
		929F87BD29BAF252001B4818 /* LaunchScreen.storyboard in Resources */ = {isa = PBXBuildFile; fileRef = 929F87BB29BAF252001B4818 /* LaunchScreen.storyboard */; };
		929F87C829BAF252001B4818 /* SnapsTestApp01Tests.swift in Sources */ = {isa = PBXBuildFile; fileRef = 929F87C729BAF252001B4818 /* SnapsTestApp01Tests.swift */; };
		929F87D229BAF252001B4818 /* SnapsTestApp01UITests.swift in Sources */ = {isa = PBXBuildFile; fileRef = 929F87D129BAF252001B4818 /* SnapsTestApp01UITests.swift */; };
		929F87D429BAF252001B4818 /* SnapsTestApp01UITestsLaunchTests.swift in Sources */ = {isa = PBXBuildFile; fileRef = 929F87D329BAF252001B4818 /* SnapsTestApp01UITestsLaunchTests.swift */; };
		929F87E229BAF27E001B4818 /* SnapKit in Frameworks */ = {isa = PBXBuildFile; productRef = 929F87E129BAF27E001B4818 /* SnapKit */; };
		929F87E429BAF2BF001B4818 /* GoogleService-Info.plist in Resources */ = {isa = PBXBuildFile; fileRef = 929F87E329BAF2BE001B4818 /* GoogleService-Info.plist */; };
		929F87E729BAF42B001B4818 /* FirebaseAnalyticsWithoutAdIdSupport in Frameworks */ = {isa = PBXBuildFile; productRef = 929F87E629BAF42B001B4818 /* FirebaseAnalyticsWithoutAdIdSupport */; };
/* End PBXBuildFile section */

/* Begin PBXContainerItemProxy section */
		929F87C429BAF252001B4818 /* PBXContainerItemProxy */ = {
			isa = PBXContainerItemProxy;
			containerPortal = 929F87A529BAF24F001B4818 /* Project object */;
			proxyType = 1;
			remoteGlobalIDString = 929F87AC29BAF24F001B4818;
			remoteInfo = SnapsTestApp01;
		};
		929F87CE29BAF252001B4818 /* PBXContainerItemProxy */ = {
			isa = PBXContainerItemProxy;
			containerPortal = 929F87A529BAF24F001B4818 /* Project object */;
			proxyType = 1;
			remoteGlobalIDString = 929F87AC29BAF24F001B4818;
			remoteInfo = SnapsTestApp01;
		};
/* End PBXContainerItemProxy section */

/* Begin PBXFileReference section */
		929F87AD29BAF24F001B4818 /* SnapsTestApp01.app */ = {isa = PBXFileReference; explicitFileType = wrapper.application; includeInIndex = 0; path = SnapsTestApp01.app; sourceTree = BUILT_PRODUCTS_DIR; };
		929F87B029BAF24F001B4818 /* AppDelegate.swift */ = {isa = PBXFileReference; lastKnownFileType = sourcecode.swift; path = AppDelegate.swift; sourceTree = "<group>"; };
		929F87B229BAF24F001B4818 /* SceneDelegate.swift */ = {isa = PBXFileReference; lastKnownFileType = sourcecode.swift; path = SceneDelegate.swift; sourceTree = "<group>"; };
		929F87B429BAF24F001B4818 /* ViewController.swift */ = {isa = PBXFileReference; lastKnownFileType = sourcecode.swift; path = ViewController.swift; sourceTree = "<group>"; };
		929F87B729BAF24F001B4818 /* Base */ = {isa = PBXFileReference; lastKnownFileType = file.storyboard; name = Base; path = Base.lproj/Main.storyboard; sourceTree = "<group>"; };
		929F87B929BAF252001B4818 /* Assets.xcassets */ = {isa = PBXFileReference; lastKnownFileType = folder.assetcatalog; path = Assets.xcassets; sourceTree = "<group>"; };
		929F87BC29BAF252001B4818 /* Base */ = {isa = PBXFileReference; lastKnownFileType = file.storyboard; name = Base; path = Base.lproj/LaunchScreen.storyboard; sourceTree = "<group>"; };
		929F87BE29BAF252001B4818 /* Info.plist */ = {isa = PBXFileReference; lastKnownFileType = text.plist.xml; path = Info.plist; sourceTree = "<group>"; };
		929F87C329BAF252001B4818 /* SnapsTestApp01Tests.xctest */ = {isa = PBXFileReference; explicitFileType = wrapper.cfbundle; includeInIndex = 0; path = SnapsTestApp01Tests.xctest; sourceTree = BUILT_PRODUCTS_DIR; };
		929F87C729BAF252001B4818 /* SnapsTestApp01Tests.swift */ = {isa = PBXFileReference; lastKnownFileType = sourcecode.swift; path = SnapsTestApp01Tests.swift; sourceTree = "<group>"; };
		929F87CD29BAF252001B4818 /* SnapsTestApp01UITests.xctest */ = {isa = PBXFileReference; explicitFileType = wrapper.cfbundle; includeInIndex = 0; path = SnapsTestApp01UITests.xctest; sourceTree = BUILT_PRODUCTS_DIR; };
		929F87D129BAF252001B4818 /* SnapsTestApp01UITests.swift */ = {isa = PBXFileReference; lastKnownFileType = sourcecode.swift; path = SnapsTestApp01UITests.swift; sourceTree = "<group>"; };
		929F87D329BAF252001B4818 /* SnapsTestApp01UITestsLaunchTests.swift */ = {isa = PBXFileReference; lastKnownFileType = sourcecode.swift; path = SnapsTestApp01UITestsLaunchTests.swift; sourceTree = "<group>"; };
		929F87E329BAF2BE001B4818 /* GoogleService-Info.plist */ = {isa = PBXFileReference; fileEncoding = 4; lastKnownFileType = text.plist.xml; path = "GoogleService-Info.plist"; sourceTree = "<group>"; };
/* End PBXFileReference section */

/* Begin PBXFrameworksBuildPhase section */
		929F87AA29BAF24F001B4818 /* Frameworks */ = {
			isa = PBXFrameworksBuildPhase;
			buildActionMask = 2147483647;
			files = (
				929F87E229BAF27E001B4818 /* SnapKit in Frameworks */,
				929F87E729BAF42B001B4818 /* FirebaseAnalyticsWithoutAdIdSupport in Frameworks */,
			);
			runOnlyForDeploymentPostprocessing = 0;
		};
		929F87C029BAF252001B4818 /* Frameworks */ = {
			isa = PBXFrameworksBuildPhase;
			buildActionMask = 2147483647;
			files = (
			);
			runOnlyForDeploymentPostprocessing = 0;
		};
		929F87CA29BAF252001B4818 /* Frameworks */ = {
			isa = PBXFrameworksBuildPhase;
			buildActionMask = 2147483647;
			files = (
			);
			runOnlyForDeploymentPostprocessing = 0;
		};
/* End PBXFrameworksBuildPhase section */

/* Begin PBXGroup section */
		929F87A429BAF24F001B4818 = {
			isa = PBXGroup;
			children = (
				929F87AF29BAF24F001B4818 /* SnapsTestApp01 */,
				929F87C629BAF252001B4818 /* SnapsTestApp01Tests */,
				929F87D029BAF252001B4818 /* SnapsTestApp01UITests */,
				929F87AE29BAF24F001B4818 /* Products */,
			);
			sourceTree = "<group>";
		};
		929F87AE29BAF24F001B4818 /* Products */ = {
			isa = PBXGroup;
			children = (
				929F87AD29BAF24F001B4818 /* SnapsTestApp01.app */,
				929F87C329BAF252001B4818 /* SnapsTestApp01Tests.xctest */,
				929F87CD29BAF252001B4818 /* SnapsTestApp01UITests.xctest */,
			);
			name = Products;
			sourceTree = "<group>";
		};
		929F87AF29BAF24F001B4818 /* SnapsTestApp01 */ = {
			isa = PBXGroup;
			children = (
				929F87E329BAF2BE001B4818 /* GoogleService-Info.plist */,
				929F87B029BAF24F001B4818 /* AppDelegate.swift */,
				929F87B229BAF24F001B4818 /* SceneDelegate.swift */,
				929F87B429BAF24F001B4818 /* ViewController.swift */,
				929F87B629BAF24F001B4818 /* Main.storyboard */,
				929F87B929BAF252001B4818 /* Assets.xcassets */,
				929F87BB29BAF252001B4818 /* LaunchScreen.storyboard */,
				929F87BE29BAF252001B4818 /* Info.plist */,
			);
			path = SnapsTestApp01;
			sourceTree = "<group>";
		};
		929F87C629BAF252001B4818 /* SnapsTestApp01Tests */ = {
			isa = PBXGroup;
			children = (
				929F87C729BAF252001B4818 /* SnapsTestApp01Tests.swift */,
			);
			path = SnapsTestApp01Tests;
			sourceTree = "<group>";
		};
		929F87D029BAF252001B4818 /* SnapsTestApp01UITests */ = {
			isa = PBXGroup;
			children = (
				929F87D129BAF252001B4818 /* SnapsTestApp01UITests.swift */,
				929F87D329BAF252001B4818 /* SnapsTestApp01UITestsLaunchTests.swift */,
			);
			path = SnapsTestApp01UITests;
			sourceTree = "<group>";
		};
/* End PBXGroup section */

/* Begin PBXNativeTarget section */
		929F87AC29BAF24F001B4818 /* SnapsTestApp01 */ = {
			isa = PBXNativeTarget;
			buildConfigurationList = 929F87D729BAF252001B4818 /* Build configuration list for PBXNativeTarget "SnapsTestApp01" */;
			buildPhases = (
				929F87A929BAF24F001B4818 /* Sources */,
				929F87AA29BAF24F001B4818 /* Frameworks */,
				929F87AB29BAF24F001B4818 /* Resources */,
			);
			buildRules = (
			);
			dependencies = (
			);
			name = SnapsTestApp01;
			packageProductDependencies = (
				929F87E129BAF27E001B4818 /* SnapKit */,
				929F87E629BAF42B001B4818 /* FirebaseAnalyticsWithoutAdIdSupport */,
			);
			productName = SnapsTestApp01;
			productReference = 929F87AD29BAF24F001B4818 /* SnapsTestApp01.app */;
			productType = "com.apple.product-type.application";
		};
		929F87C229BAF252001B4818 /* SnapsTestApp01Tests */ = {
			isa = PBXNativeTarget;
			buildConfigurationList = 929F87DA29BAF252001B4818 /* Build configuration list for PBXNativeTarget "SnapsTestApp01Tests" */;
			buildPhases = (
				929F87BF29BAF252001B4818 /* Sources */,
				929F87C029BAF252001B4818 /* Frameworks */,
				929F87C129BAF252001B4818 /* Resources */,
			);
			buildRules = (
			);
			dependencies = (
				929F87C529BAF252001B4818 /* PBXTargetDependency */,
			);
			name = SnapsTestApp01Tests;
			productName = SnapsTestApp01Tests;
			productReference = 929F87C329BAF252001B4818 /* SnapsTestApp01Tests.xctest */;
			productType = "com.apple.product-type.bundle.unit-test";
		};
		929F87CC29BAF252001B4818 /* SnapsTestApp01UITests */ = {
			isa = PBXNativeTarget;
			buildConfigurationList = 929F87DD29BAF252001B4818 /* Build configuration list for PBXNativeTarget "SnapsTestApp01UITests" */;
			buildPhases = (
				929F87C929BAF252001B4818 /* Sources */,
				929F87CA29BAF252001B4818 /* Frameworks */,
				929F87CB29BAF252001B4818 /* Resources */,
			);
			buildRules = (
			);
			dependencies = (
				929F87CF29BAF252001B4818 /* PBXTargetDependency */,
			);
			name = SnapsTestApp01UITests;
			productName = SnapsTestApp01UITests;
			productReference = 929F87CD29BAF252001B4818 /* SnapsTestApp01UITests.xctest */;
			productType = "com.apple.product-type.bundle.ui-testing";
		};
/* End PBXNativeTarget section */

/* Begin PBXProject section */
		929F87A529BAF24F001B4818 /* Project object */ = {
			isa = PBXProject;
			attributes = {
				BuildIndependentTargetsInParallel = 1;
				LastSwiftUpdateCheck = 1420;
				LastUpgradeCheck = 1420;
				TargetAttributes = {
					929F87AC29BAF24F001B4818 = {
						CreatedOnToolsVersion = 14.2;
					};
					929F87C229BAF252001B4818 = {
						CreatedOnToolsVersion = 14.2;
						TestTargetID = 929F87AC29BAF24F001B4818;
					};
					929F87CC29BAF252001B4818 = {
						CreatedOnToolsVersion = 14.2;
						TestTargetID = 929F87AC29BAF24F001B4818;
					};
				};
			};
			buildConfigurationList = 929F87A829BAF24F001B4818 /* Build configuration list for PBXProject "SnapsTestApp01" */;
			compatibilityVersion = "Xcode 14.0";
			developmentRegion = en;
			hasScannedForEncodings = 0;
			knownRegions = (
				en,
				Base,
			);
			mainGroup = 929F87A429BAF24F001B4818;
			packageReferences = (
				929F87E029BAF27E001B4818 /* XCRemoteSwiftPackageReference "SnapKit" */,
				929F87E529BAF42B001B4818 /* XCRemoteSwiftPackageReference "firebase-ios-sdk" */,
			);
			productRefGroup = 929F87AE29BAF24F001B4818 /* Products */;
			projectDirPath = "";
			projectRoot = "";
			targets = (
				929F87AC29BAF24F001B4818 /* SnapsTestApp01 */,
				929F87C229BAF252001B4818 /* SnapsTestApp01Tests */,
				929F87CC29BAF252001B4818 /* SnapsTestApp01UITests */,
			);
		};
/* End PBXProject section */

/* Begin PBXResourcesBuildPhase section */
		929F87AB29BAF24F001B4818 /* Resources */ = {
			isa = PBXResourcesBuildPhase;
			buildActionMask = 2147483647;
			files = (
				929F87BD29BAF252001B4818 /* LaunchScreen.storyboard in Resources */,
				929F87E429BAF2BF001B4818 /* GoogleService-Info.plist in Resources */,
				929F87BA29BAF252001B4818 /* Assets.xcassets in Resources */,
				929F87B829BAF24F001B4818 /* Main.storyboard in Resources */,
			);
			runOnlyForDeploymentPostprocessing = 0;
		};
		929F87C129BAF252001B4818 /* Resources */ = {
			isa = PBXResourcesBuildPhase;
			buildActionMask = 2147483647;
			files = (
			);
			runOnlyForDeploymentPostprocessing = 0;
		};
		929F87CB29BAF252001B4818 /* Resources */ = {
			isa = PBXResourcesBuildPhase;
			buildActionMask = 2147483647;
			files = (
			);
			runOnlyForDeploymentPostprocessing = 0;
		};
/* End PBXResourcesBuildPhase section */

/* Begin PBXSourcesBuildPhase section */
		929F87A929BAF24F001B4818 /* Sources */ = {
			isa = PBXSourcesBuildPhase;
			buildActionMask = 2147483647;
			files = (
				929F87B529BAF24F001B4818 /* ViewController.swift in Sources */,
				929F87B129BAF24F001B4818 /* AppDelegate.swift in Sources */,
				929F87B329BAF24F001B4818 /* SceneDelegate.swift in Sources */,
			);
			runOnlyForDeploymentPostprocessing = 0;
		};
		929F87BF29BAF252001B4818 /* Sources */ = {
			isa = PBXSourcesBuildPhase;
			buildActionMask = 2147483647;
			files = (
				929F87C829BAF252001B4818 /* SnapsTestApp01Tests.swift in Sources */,
			);
			runOnlyForDeploymentPostprocessing = 0;
		};
		929F87C929BAF252001B4818 /* Sources */ = {
			isa = PBXSourcesBuildPhase;
			buildActionMask = 2147483647;
			files = (
				929F87D229BAF252001B4818 /* SnapsTestApp01UITests.swift in Sources */,
				929F87D429BAF252001B4818 /* SnapsTestApp01UITestsLaunchTests.swift in Sources */,
			);
			runOnlyForDeploymentPostprocessing = 0;
		};
/* End PBXSourcesBuildPhase section */

/* Begin PBXTargetDependency section */
		929F87C529BAF252001B4818 /* PBXTargetDependency */ = {
			isa = PBXTargetDependency;
			target = 929F87AC29BAF24F001B4818 /* SnapsTestApp01 */;
			targetProxy = 929F87C429BAF252001B4818 /* PBXContainerItemProxy */;
		};
		929F87CF29BAF252001B4818 /* PBXTargetDependency */ = {
			isa = PBXTargetDependency;
			target = 929F87AC29BAF24F001B4818 /* SnapsTestApp01 */;
			targetProxy = 929F87CE29BAF252001B4818 /* PBXContainerItemProxy */;
		};
/* End PBXTargetDependency section */

/* Begin PBXVariantGroup section */
		929F87B629BAF24F001B4818 /* Main.storyboard */ = {
			isa = PBXVariantGroup;
			children = (
				929F87B729BAF24F001B4818 /* Base */,
			);
			name = Main.storyboard;
			sourceTree = "<group>";
		};
		929F87BB29BAF252001B4818 /* LaunchScreen.storyboard */ = {
			isa = PBXVariantGroup;
			children = (
				929F87BC29BAF252001B4818 /* Base */,
			);
			name = LaunchScreen.storyboard;
			sourceTree = "<group>";
		};
/* End PBXVariantGroup section */

/* Begin XCBuildConfiguration section */
		929F87D529BAF252001B4818 /* Debug */ = {
			isa = XCBuildConfiguration;
			buildSettings = {
				ALWAYS_SEARCH_USER_PATHS = NO;
				CLANG_ANALYZER_NONNULL = YES;
				CLANG_ANALYZER_NUMBER_OBJECT_CONVERSION = YES_AGGRESSIVE;
				CLANG_CXX_LANGUAGE_STANDARD = "gnu++20";
				CLANG_ENABLE_MODULES = YES;
				CLANG_ENABLE_OBJC_ARC = YES;
				CLANG_ENABLE_OBJC_WEAK = YES;
				CLANG_WARN_BLOCK_CAPTURE_AUTORELEASING = YES;
				CLANG_WARN_BOOL_CONVERSION = YES;
				CLANG_WARN_COMMA = YES;
				CLANG_WARN_CONSTANT_CONVERSION = YES;
				CLANG_WARN_DEPRECATED_OBJC_IMPLEMENTATIONS = YES;
				CLANG_WARN_DIRECT_OBJC_ISA_USAGE = YES_ERROR;
				CLANG_WARN_DOCUMENTATION_COMMENTS = YES;
				CLANG_WARN_EMPTY_BODY = YES;
				CLANG_WARN_ENUM_CONVERSION = YES;
				CLANG_WARN_INFINITE_RECURSION = YES;
				CLANG_WARN_INT_CONVERSION = YES;
				CLANG_WARN_NON_LITERAL_NULL_CONVERSION = YES;
				CLANG_WARN_OBJC_IMPLICIT_RETAIN_SELF = YES;
				CLANG_WARN_OBJC_LITERAL_CONVERSION = YES;
				CLANG_WARN_OBJC_ROOT_CLASS = YES_ERROR;
				CLANG_WARN_QUOTED_INCLUDE_IN_FRAMEWORK_HEADER = YES;
				CLANG_WARN_RANGE_LOOP_ANALYSIS = YES;
				CLANG_WARN_STRICT_PROTOTYPES = YES;
				CLANG_WARN_SUSPICIOUS_MOVE = YES;
				CLANG_WARN_UNGUARDED_AVAILABILITY = YES_AGGRESSIVE;
				CLANG_WARN_UNREACHABLE_CODE = YES;
				CLANG_WARN__DUPLICATE_METHOD_MATCH = YES;
				COPY_PHASE_STRIP = NO;
				DEBUG_INFORMATION_FORMAT = dwarf;
				ENABLE_STRICT_OBJC_MSGSEND = YES;
				ENABLE_TESTABILITY = YES;
				GCC_C_LANGUAGE_STANDARD = gnu11;
				GCC_DYNAMIC_NO_PIC = NO;
				GCC_NO_COMMON_BLOCKS = YES;
				GCC_OPTIMIZATION_LEVEL = 0;
				GCC_PREPROCESSOR_DEFINITIONS = (
					"DEBUG=1",
					"$(inherited)",
				);
				GCC_WARN_64_TO_32_BIT_CONVERSION = YES;
				GCC_WARN_ABOUT_RETURN_TYPE = YES_ERROR;
				GCC_WARN_UNDECLARED_SELECTOR = YES;
				GCC_WARN_UNINITIALIZED_AUTOS = YES_AGGRESSIVE;
				GCC_WARN_UNUSED_FUNCTION = YES;
				GCC_WARN_UNUSED_VARIABLE = YES;
				IPHONEOS_DEPLOYMENT_TARGET = 16.2;
				MTL_ENABLE_DEBUG_INFO = INCLUDE_SOURCE;
				MTL_FAST_MATH = YES;
				ONLY_ACTIVE_ARCH = YES;
				SDKROOT = iphoneos;
				SWIFT_ACTIVE_COMPILATION_CONDITIONS = DEBUG;
				SWIFT_OPTIMIZATION_LEVEL = "-Onone";
			};
			name = Debug;
		};
		929F87D629BAF252001B4818 /* Release */ = {
			isa = XCBuildConfiguration;
			buildSettings = {
				ALWAYS_SEARCH_USER_PATHS = NO;
				CLANG_ANALYZER_NONNULL = YES;
				CLANG_ANALYZER_NUMBER_OBJECT_CONVERSION = YES_AGGRESSIVE;
				CLANG_CXX_LANGUAGE_STANDARD = "gnu++20";
				CLANG_ENABLE_MODULES = YES;
				CLANG_ENABLE_OBJC_ARC = YES;
				CLANG_ENABLE_OBJC_WEAK = YES;
				CLANG_WARN_BLOCK_CAPTURE_AUTORELEASING = YES;
				CLANG_WARN_BOOL_CONVERSION = YES;
				CLANG_WARN_COMMA = YES;
				CLANG_WARN_CONSTANT_CONVERSION = YES;
				CLANG_WARN_DEPRECATED_OBJC_IMPLEMENTATIONS = YES;
				CLANG_WARN_DIRECT_OBJC_ISA_USAGE = YES_ERROR;
				CLANG_WARN_DOCUMENTATION_COMMENTS = YES;
				CLANG_WARN_EMPTY_BODY = YES;
				CLANG_WARN_ENUM_CONVERSION = YES;
				CLANG_WARN_INFINITE_RECURSION = YES;
				CLANG_WARN_INT_CONVERSION = YES;
				CLANG_WARN_NON_LITERAL_NULL_CONVERSION = YES;
				CLANG_WARN_OBJC_IMPLICIT_RETAIN_SELF = YES;
				CLANG_WARN_OBJC_LITERAL_CONVERSION = YES;
				CLANG_WARN_OBJC_ROOT_CLASS = YES_ERROR;
				CLANG_WARN_QUOTED_INCLUDE_IN_FRAMEWORK_HEADER = YES;
				CLANG_WARN_RANGE_LOOP_ANALYSIS = YES;
				CLANG_WARN_STRICT_PROTOTYPES = YES;
				CLANG_WARN_SUSPICIOUS_MOVE = YES;
				CLANG_WARN_UNGUARDED_AVAILABILITY = YES_AGGRESSIVE;
				CLANG_WARN_UNREACHABLE_CODE = YES;
				CLANG_WARN__DUPLICATE_METHOD_MATCH = YES;
				COPY_PHASE_STRIP = NO;
				DEBUG_INFORMATION_FORMAT = "dwarf-with-dsym";
				ENABLE_NS_ASSERTIONS = NO;
				ENABLE_STRICT_OBJC_MSGSEND = YES;
				GCC_C_LANGUAGE_STANDARD = gnu11;
				GCC_NO_COMMON_BLOCKS = YES;
				GCC_WARN_64_TO_32_BIT_CONVERSION = YES;
				GCC_WARN_ABOUT_RETURN_TYPE = YES_ERROR;
				GCC_WARN_UNDECLARED_SELECTOR = YES;
				GCC_WARN_UNINITIALIZED_AUTOS = YES_AGGRESSIVE;
				GCC_WARN_UNUSED_FUNCTION = YES;
				GCC_WARN_UNUSED_VARIABLE = YES;
				IPHONEOS_DEPLOYMENT_TARGET = 16.2;
				MTL_ENABLE_DEBUG_INFO = NO;
				MTL_FAST_MATH = YES;
				SDKROOT = iphoneos;
				SWIFT_COMPILATION_MODE = wholemodule;
				SWIFT_OPTIMIZATION_LEVEL = "-O";
				VALIDATE_PRODUCT = YES;
			};
			name = Release;
		};
		929F87D829BAF252001B4818 /* Debug */ = {
			isa = XCBuildConfiguration;
			buildSettings = {
				ASSETCATALOG_COMPILER_APPICON_NAME = AppIcon;
				ASSETCATALOG_COMPILER_GLOBAL_ACCENT_COLOR_NAME = AccentColor;
				CODE_SIGN_STYLE = Automatic;
				CURRENT_PROJECT_VERSION = 1;
				DEVELOPMENT_TEAM = T8FVN98385;
				GENERATE_INFOPLIST_FILE = YES;
				INFOPLIST_FILE = SnapsTestApp01/Info.plist;
				INFOPLIST_KEY_UIApplicationSupportsIndirectInputEvents = YES;
				INFOPLIST_KEY_UILaunchStoryboardName = LaunchScreen;
				INFOPLIST_KEY_UIMainStoryboardFile = Main;
				INFOPLIST_KEY_UISupportedInterfaceOrientations_iPad = "UIInterfaceOrientationPortrait UIInterfaceOrientationPortraitUpsideDown UIInterfaceOrientationLandscapeLeft UIInterfaceOrientationLandscapeRight";
				INFOPLIST_KEY_UISupportedInterfaceOrientations_iPhone = "UIInterfaceOrientationPortrait UIInterfaceOrientationLandscapeLeft UIInterfaceOrientationLandscapeRight";
				LD_RUNPATH_SEARCH_PATHS = (
					"$(inherited)",
					"@executable_path/Frameworks",
				);
				MARKETING_VERSION = 1.0;
				PRODUCT_BUNDLE_IDENTIFIER = anthony.SnapsTestApp01;
				PRODUCT_NAME = "$(TARGET_NAME)";
				SWIFT_EMIT_LOC_STRINGS = YES;
				SWIFT_VERSION = 5.0;
				TARGETED_DEVICE_FAMILY = "1,2";
			};
			name = Debug;
		};
		929F87D929BAF252001B4818 /* Release */ = {
			isa = XCBuildConfiguration;
			buildSettings = {
				ASSETCATALOG_COMPILER_APPICON_NAME = AppIcon;
				ASSETCATALOG_COMPILER_GLOBAL_ACCENT_COLOR_NAME = AccentColor;
				CODE_SIGN_STYLE = Automatic;
				CURRENT_PROJECT_VERSION = 1;
				DEVELOPMENT_TEAM = T8FVN98385;
				GENERATE_INFOPLIST_FILE = YES;
				INFOPLIST_FILE = SnapsTestApp01/Info.plist;
				INFOPLIST_KEY_UIApplicationSupportsIndirectInputEvents = YES;
				INFOPLIST_KEY_UILaunchStoryboardName = LaunchScreen;
				INFOPLIST_KEY_UIMainStoryboardFile = Main;
				INFOPLIST_KEY_UISupportedInterfaceOrientations_iPad = "UIInterfaceOrientationPortrait UIInterfaceOrientationPortraitUpsideDown UIInterfaceOrientationLandscapeLeft UIInterfaceOrientationLandscapeRight";
				INFOPLIST_KEY_UISupportedInterfaceOrientations_iPhone = "UIInterfaceOrientationPortrait UIInterfaceOrientationLandscapeLeft UIInterfaceOrientationLandscapeRight";
				LD_RUNPATH_SEARCH_PATHS = (
					"$(inherited)",
					"@executable_path/Frameworks",
				);
				MARKETING_VERSION = 1.0;
				PRODUCT_BUNDLE_IDENTIFIER = anthony.SnapsTestApp01;
				PRODUCT_NAME = "$(TARGET_NAME)";
				SWIFT_EMIT_LOC_STRINGS = YES;
				SWIFT_VERSION = 5.0;
				TARGETED_DEVICE_FAMILY = "1,2";
			};
			name = Release;
		};
		929F87DB29BAF252001B4818 /* Debug */ = {
			isa = XCBuildConfiguration;
			buildSettings = {
				ALWAYS_EMBED_SWIFT_STANDARD_LIBRARIES = YES;
				BUNDLE_LOADER = "$(TEST_HOST)";
				CODE_SIGN_STYLE = Automatic;
				CURRENT_PROJECT_VERSION = 1;
				DEVELOPMENT_TEAM = T8FVN98385;
				GENERATE_INFOPLIST_FILE = YES;
				IPHONEOS_DEPLOYMENT_TARGET = 16.2;
				MARKETING_VERSION = 1.0;
				PRODUCT_BUNDLE_IDENTIFIER = anthony.SnapsTestApp01Tests;
				PRODUCT_NAME = "$(TARGET_NAME)";
				SWIFT_EMIT_LOC_STRINGS = NO;
				SWIFT_VERSION = 5.0;
				TARGETED_DEVICE_FAMILY = "1,2";
				TEST_HOST = "$(BUILT_PRODUCTS_DIR)/SnapsTestApp01.app/$(BUNDLE_EXECUTABLE_FOLDER_PATH)/SnapsTestApp01";
			};
			name = Debug;
		};
		929F87DC29BAF252001B4818 /* Release */ = {
			isa = XCBuildConfiguration;
			buildSettings = {
				ALWAYS_EMBED_SWIFT_STANDARD_LIBRARIES = YES;
				BUNDLE_LOADER = "$(TEST_HOST)";
				CODE_SIGN_STYLE = Automatic;
				CURRENT_PROJECT_VERSION = 1;
				DEVELOPMENT_TEAM = T8FVN98385;
				GENERATE_INFOPLIST_FILE = YES;
				IPHONEOS_DEPLOYMENT_TARGET = 16.2;
				MARKETING_VERSION = 1.0;
				PRODUCT_BUNDLE_IDENTIFIER = anthony.SnapsTestApp01Tests;
				PRODUCT_NAME = "$(TARGET_NAME)";
				SWIFT_EMIT_LOC_STRINGS = NO;
				SWIFT_VERSION = 5.0;
				TARGETED_DEVICE_FAMILY = "1,2";
				TEST_HOST = "$(BUILT_PRODUCTS_DIR)/SnapsTestApp01.app/$(BUNDLE_EXECUTABLE_FOLDER_PATH)/SnapsTestApp01";
			};
			name = Release;
		};
		929F87DE29BAF252001B4818 /* Debug */ = {
			isa = XCBuildConfiguration;
			buildSettings = {
				ALWAYS_EMBED_SWIFT_STANDARD_LIBRARIES = YES;
				CODE_SIGN_STYLE = Automatic;
				CURRENT_PROJECT_VERSION = 1;
				DEVELOPMENT_TEAM = T8FVN98385;
				GENERATE_INFOPLIST_FILE = YES;
				MARKETING_VERSION = 1.0;
				PRODUCT_BUNDLE_IDENTIFIER = anthony.SnapsTestApp01UITests;
				PRODUCT_NAME = "$(TARGET_NAME)";
				SWIFT_EMIT_LOC_STRINGS = NO;
				SWIFT_VERSION = 5.0;
				TARGETED_DEVICE_FAMILY = "1,2";
				TEST_TARGET_NAME = SnapsTestApp01;
			};
			name = Debug;
		};
		929F87DF29BAF252001B4818 /* Release */ = {
			isa = XCBuildConfiguration;
			buildSettings = {
				ALWAYS_EMBED_SWIFT_STANDARD_LIBRARIES = YES;
				CODE_SIGN_STYLE = Automatic;
				CURRENT_PROJECT_VERSION = 1;
				DEVELOPMENT_TEAM = T8FVN98385;
				GENERATE_INFOPLIST_FILE = YES;
				MARKETING_VERSION = 1.0;
				PRODUCT_BUNDLE_IDENTIFIER = anthony.SnapsTestApp01UITests;
				PRODUCT_NAME = "$(TARGET_NAME)";
				SWIFT_EMIT_LOC_STRINGS = NO;
				SWIFT_VERSION = 5.0;
				TARGETED_DEVICE_FAMILY = "1,2";
				TEST_TARGET_NAME = SnapsTestApp01;
			};
			name = Release;
		};
/* End XCBuildConfiguration section */

/* Begin XCConfigurationList section */
		929F87A829BAF24F001B4818 /* Build configuration list for PBXProject "SnapsTestApp01" */ = {
			isa = XCConfigurationList;
			buildConfigurations = (
				929F87D529BAF252001B4818 /* Debug */,
				929F87D629BAF252001B4818 /* Release */,
			);
			defaultConfigurationIsVisible = 0;
			defaultConfigurationName = Release;
		};
		929F87D729BAF252001B4818 /* Build configuration list for PBXNativeTarget "SnapsTestApp01" */ = {
			isa = XCConfigurationList;
			buildConfigurations = (
				929F87D829BAF252001B4818 /* Debug */,
				929F87D929BAF252001B4818 /* Release */,
			);
			defaultConfigurationIsVisible = 0;
			defaultConfigurationName = Release;
		};
		929F87DA29BAF252001B4818 /* Build configuration list for PBXNativeTarget "SnapsTestApp01Tests" */ = {
			isa = XCConfigurationList;
			buildConfigurations = (
				929F87DB29BAF252001B4818 /* Debug */,
				929F87DC29BAF252001B4818 /* Release */,
			);
			defaultConfigurationIsVisible = 0;
			defaultConfigurationName = Release;
		};
		929F87DD29BAF252001B4818 /* Build configuration list for PBXNativeTarget "SnapsTestApp01UITests" */ = {
			isa = XCConfigurationList;
			buildConfigurations = (
				929F87DE29BAF252001B4818 /* Debug */,
				929F87DF29BAF252001B4818 /* Release */,
			);
			defaultConfigurationIsVisible = 0;
			defaultConfigurationName = Release;
		};
/* End XCConfigurationList section */

/* Begin XCRemoteSwiftPackageReference section */
		929F87E029BAF27E001B4818 /* XCRemoteSwiftPackageReference "SnapKit" */ = {
			isa = XCRemoteSwiftPackageReference;
			repositoryURL = "https://github.com/SnapKit/SnapKit";
			requirement = {
				kind = exactVersion;
				version = 5.6.0;
			};
		};
		929F87E529BAF42B001B4818 /* XCRemoteSwiftPackageReference "firebase-ios-sdk" */ = {
			isa = XCRemoteSwiftPackageReference;
			repositoryURL = "https://github.com/firebase/firebase-ios-sdk";
			requirement = {
				kind = exactVersion;
				version = 9.6.0;
			};
		};
/* End XCRemoteSwiftPackageReference section */

/* Begin XCSwiftPackageProductDependency section */
		929F87E129BAF27E001B4818 /* SnapKit */ = {
			isa = XCSwiftPackageProductDependency;
			package = 929F87E029BAF27E001B4818 /* XCRemoteSwiftPackageReference "SnapKit" */;
			productName = SnapKit;
		};
		929F87E629BAF42B001B4818 /* FirebaseAnalyticsWithoutAdIdSupport */ = {
			isa = XCSwiftPackageProductDependency;
			package = 929F87E529BAF42B001B4818 /* XCRemoteSwiftPackageReference "firebase-ios-sdk" */;
			productName = FirebaseAnalyticsWithoutAdIdSupport;
		};
/* End XCSwiftPackageProductDependency section */
	};
	rootObject = 929F87A529BAF24F001B4818 /* Project object */;
}
